{
  "name": "Parquet",
  "version": "1.0.0",
  "lockfileVersion": 1,
  "requires": true,
  "dependencies": {
    "antlr4": {
      "version": "4.8.0",
      "resolved": "https://registry.npmjs.org/antlr4/-/antlr4-4.8.0.tgz",
      "integrity": "sha512-en/MxQ4OkPgGJQ3wD/muzj1uDnFSzdFIhc2+c6bHZokWkuBb6RRvFjpWhPxWLbgQvaEzldJZ0GSQpfSAaE3hqg=="
    },
    "int53": {
      "version": "0.2.4",
      "resolved": "https://registry.npmjs.org/int53/-/int53-0.2.4.tgz",
      "integrity": "sha1-XtjXqtbFxlZ8rmmqf/xKEJ7oD4Y="
    },
    "node-int64": {
      "version": "0.3.3",
      "resolved": "https://registry.npmjs.org/node-int64/-/node-int64-0.3.3.tgz",
      "integrity": "sha1-LW5rLs5d6FiLQ9iNG8QbJs0fqE0="
    },
    "parquetjs-lite": {
      "version": "0.8.5",
      "resolved": "https://registry.npmjs.org/parquetjs-lite/-/parquetjs-lite-0.8.5.tgz",
      "integrity": "sha1-aOE/7eN30RC1i3aGGz5K2QXIToY=",
      "requires": {
        "int53": "^0.2.4",
        "node-int64": "^0.3.3",
        "snappyjs": "^0.6.0",
        "varint": "^5.0.0"
      }
    },
    "snappyjs": {
      "version": "0.6.0",
      "resolved": "https://registry.npmjs.org/snappyjs/-/snappyjs-0.6.0.tgz",
      "integrity": "sha1-K9VQ5XZ/sbwoFAv41Tv5WQV2o4Y="
    },
    "varint": {
      "version": "5.0.0",
      "resolved": "https://registry.npmjs.org/varint/-/varint-5.0.0.tgz",
      "integrity": "sha1-2Ca4n3SQcy+rwMDtaT7Uddyynr8="
    }
  }
}
